// !$*UTF8*$!
{
	archiveVersion = 1;
	classes = {
	};
	objectVersion = 56;
	objects = {

/* Begin PBXBuildFile section */
		020F65492A7B72050036CFB1 /* SelectListView.swift in Sources */ = {isa = PBXBuildFile; fileRef = 020F65482A7B72050036CFB1 /* SelectListView.swift */; };
		020F65512A7D045B0036CFB1 /* SelectVideoCell.swift in Sources */ = {isa = PBXBuildFile; fileRef = 020F65502A7D045B0036CFB1 /* SelectVideoCell.swift */; };
		020F65532A7D09450036CFB1 /* SelectVideoView.swift in Sources */ = {isa = PBXBuildFile; fileRef = 020F65522A7D09450036CFB1 /* SelectVideoView.swift */; };
		023868C32A70009B0006C762 /* LoginManager.swift in Sources */ = {isa = PBXBuildFile; fileRef = 023868C22A70009B0006C762 /* LoginManager.swift */; };
		023F37822A783C1F007B0511 /* SelectSectorView.swift in Sources */ = {isa = PBXBuildFile; fileRef = 023F37812A783C1F007B0511 /* SelectSectorView.swift */; };
		0241775A2A6E5DA7006C3C4D /* KakaoSDKAuth in Frameworks */ = {isa = PBXBuildFile; productRef = 024177592A6E5DA7006C3C4D /* KakaoSDKAuth */; };
		0241775C2A6E5DA7006C3C4D /* KakaoSDKCommon in Frameworks */ = {isa = PBXBuildFile; productRef = 0241775B2A6E5DA7006C3C4D /* KakaoSDKCommon */; };
		0241775E2A6E5DA7006C3C4D /* KakaoSDKUser in Frameworks */ = {isa = PBXBuildFile; productRef = 0241775D2A6E5DA7006C3C4D /* KakaoSDKUser */; };
		024509F32A6E6D7600F0DC76 /* RxCocoa in Frameworks */ = {isa = PBXBuildFile; productRef = 024509F22A6E6D7600F0DC76 /* RxCocoa */; };
		024509F52A6E6D7600F0DC76 /* RxRelay in Frameworks */ = {isa = PBXBuildFile; productRef = 024509F42A6E6D7600F0DC76 /* RxRelay */; };
		024509F72A6E6D7600F0DC76 /* RxSwift in Frameworks */ = {isa = PBXBuildFile; productRef = 024509F62A6E6D7600F0DC76 /* RxSwift */; };
		026BC4762A680FC000F49B87 /* AuthViewController.swift in Sources */ = {isa = PBXBuildFile; fileRef = 026BC4752A680FC000F49B87 /* AuthViewController.swift */; };
		026BC4782A680FE900F49B87 /* SignInView.swift in Sources */ = {isa = PBXBuildFile; fileRef = 026BC4772A680FE900F49B87 /* SignInView.swift */; };
		026BC4862A6847BF00F49B87 /* Roboto-Bold.ttf in Resources */ = {isa = PBXBuildFile; fileRef = 026BC47A2A6847BE00F49B87 /* Roboto-Bold.ttf */; };
		026BC4892A6847BF00F49B87 /* Roboto-Regular.ttf in Resources */ = {isa = PBXBuildFile; fileRef = 026BC47D2A6847BF00F49B87 /* Roboto-Regular.ttf */; };
		026BC48D2A6847BF00F49B87 /* Roboto-Thin.ttf in Resources */ = {isa = PBXBuildFile; fileRef = 026BC4812A6847BF00F49B87 /* Roboto-Thin.ttf */; };
		026BC48E2A6847BF00F49B87 /* Roboto-Medium.ttf in Resources */ = {isa = PBXBuildFile; fileRef = 026BC4822A6847BF00F49B87 /* Roboto-Medium.ttf */; };
		026BC48F2A6847BF00F49B87 /* Roboto-Black.ttf in Resources */ = {isa = PBXBuildFile; fileRef = 026BC4832A6847BF00F49B87 /* Roboto-Black.ttf */; };
		026BC4912A6847BF00F49B87 /* Roboto-Light.ttf in Resources */ = {isa = PBXBuildFile; fileRef = 026BC4852A6847BF00F49B87 /* Roboto-Light.ttf */; };
		026BC4942A69102F00F49B87 /* SplashViewController.swift in Sources */ = {isa = PBXBuildFile; fileRef = 026BC4932A69102F00F49B87 /* SplashViewController.swift */; };
		0279DA922A6EC9A1002C2272 /* FacebookCore in Frameworks */ = {isa = PBXBuildFile; productRef = 0279DA912A6EC9A1002C2272 /* FacebookCore */; };
		0279DA942A6EC9A1002C2272 /* FacebookLogin in Frameworks */ = {isa = PBXBuildFile; productRef = 0279DA932A6EC9A1002C2272 /* FacebookLogin */; };
		0281723C2A793A670089FD51 /* SelectColorView.swift in Sources */ = {isa = PBXBuildFile; fileRef = 0281723B2A793A670089FD51 /* SelectColorView.swift */; };
		0281723E2A793B900089FD51 /* SelectColorCell.swift in Sources */ = {isa = PBXBuildFile; fileRef = 0281723D2A793B900089FD51 /* SelectColorCell.swift */; };
		02DC9AC32A74A82E00F8989E /* SelectPlaceView.swift in Sources */ = {isa = PBXBuildFile; fileRef = 02DC9AC22A74A82E00F8989E /* SelectPlaceView.swift */; };
		02DC9AC52A75789800F8989E /* SelectListCell.swift in Sources */ = {isa = PBXBuildFile; fileRef = 02DC9AC42A75789800F8989E /* SelectListCell.swift */; };
		5A0871112A65A7DD00947794 /* Moya in Frameworks */ = {isa = PBXBuildFile; productRef = 5A0871102A65A7DD00947794 /* Moya */; };
		5A0871132A65A7DD00947794 /* ReactiveMoya in Frameworks */ = {isa = PBXBuildFile; productRef = 5A0871122A65A7DD00947794 /* ReactiveMoya */; };
		5A0871152A65A7DD00947794 /* RxMoya in Frameworks */ = {isa = PBXBuildFile; productRef = 5A0871142A65A7DD00947794 /* RxMoya */; };
		5A0871182A65A80100947794 /* SnapKit in Frameworks */ = {isa = PBXBuildFile; productRef = 5A0871172A65A80100947794 /* SnapKit */; };
		5A08711B2A65A85700947794 /* Kingfisher in Frameworks */ = {isa = PBXBuildFile; productRef = 5A08711A2A65A85700947794 /* Kingfisher */; };
		5ACADCFA2A5D988F00B92C07 /* AppDelegate.swift in Sources */ = {isa = PBXBuildFile; fileRef = 5ACADCF92A5D988F00B92C07 /* AppDelegate.swift */; };
		5ACADCFC2A5D988F00B92C07 /* SceneDelegate.swift in Sources */ = {isa = PBXBuildFile; fileRef = 5ACADCFB2A5D988F00B92C07 /* SceneDelegate.swift */; };
		5ACADD032A5D989300B92C07 /* Assets.xcassets in Resources */ = {isa = PBXBuildFile; fileRef = 5ACADD022A5D989300B92C07 /* Assets.xcassets */; };
		5ACADD062A5D989300B92C07 /* LaunchScreen.storyboard in Resources */ = {isa = PBXBuildFile; fileRef = 5ACADD042A5D989300B92C07 /* LaunchScreen.storyboard */; };
		5ACADD112A5D989300B92C07 /* CLDTests.swift in Sources */ = {isa = PBXBuildFile; fileRef = 5ACADD102A5D989300B92C07 /* CLDTests.swift */; };
		5ACADD1B2A5D989300B92C07 /* CLDUITests.swift in Sources */ = {isa = PBXBuildFile; fileRef = 5ACADD1A2A5D989300B92C07 /* CLDUITests.swift */; };
		5ACADD1D2A5D989300B92C07 /* CLDUITestsLaunchTests.swift in Sources */ = {isa = PBXBuildFile; fileRef = 5ACADD1C2A5D989300B92C07 /* CLDUITestsLaunchTests.swift */; };
		5ACADD5D2A65919400B92C07 /* HomeViewController.swift in Sources */ = {isa = PBXBuildFile; fileRef = 5ACADD5C2A65919400B92C07 /* HomeViewController.swift */; };
		5ADED1AB2A66ACC500C0CBF4 /* UITextField+Extension.swift in Sources */ = {isa = PBXBuildFile; fileRef = 5ADED1AA2A66ACC500C0CBF4 /* UITextField+Extension.swift */; };
		5ADED1AD2A66ADA900C0CBF4 /* ReusableView+Extension.swift in Sources */ = {isa = PBXBuildFile; fileRef = 5ADED1AC2A66ADA900C0CBF4 /* ReusableView+Extension.swift */; };
		5ADED1AF2A66AEAD00C0CBF4 /* UICollectionView+Extension.swift in Sources */ = {isa = PBXBuildFile; fileRef = 5ADED1AE2A66AEAD00C0CBF4 /* UICollectionView+Extension.swift */; };
		5ADED1B12A66AFF700C0CBF4 /* UIStackView+Extension.swift in Sources */ = {isa = PBXBuildFile; fileRef = 5ADED1B02A66AFF700C0CBF4 /* UIStackView+Extension.swift */; };
		5ADED1B72A67793F00C0CBF4 /* UIView+Extension.swift in Sources */ = {isa = PBXBuildFile; fileRef = 5ADED1B62A67793F00C0CBF4 /* UIView+Extension.swift */; };
		5ADED1B92A678E9C00C0CBF4 /* UILabel+Extension.swift in Sources */ = {isa = PBXBuildFile; fileRef = 5ADED1B82A678E9C00C0CBF4 /* UILabel+Extension.swift */; };
		5ADED1BB2A67929500C0CBF4 /* BaseViewController.swift in Sources */ = {isa = PBXBuildFile; fileRef = 5ADED1BA2A67929500C0CBF4 /* BaseViewController.swift */; };
		5ADED1BD2A679B6A00C0CBF4 /* UIColor+Extension.swift in Sources */ = {isa = PBXBuildFile; fileRef = 5ADED1BC2A679B6A00C0CBF4 /* UIColor+Extension.swift */; };
		5ADED1BF2A679FB100C0CBF4 /* UIImage+Extension.swift in Sources */ = {isa = PBXBuildFile; fileRef = 5ADED1BE2A679FB100C0CBF4 /* UIImage+Extension.swift */; };
		5ADED1C12A67A06F00C0CBF4 /* ImageLiteral.swift in Sources */ = {isa = PBXBuildFile; fileRef = 5ADED1C02A67A06F00C0CBF4 /* ImageLiteral.swift */; };
		5ADED1C32A67A1B300C0CBF4 /* ViewModelType.swift in Sources */ = {isa = PBXBuildFile; fileRef = 5ADED1C22A67A1B300C0CBF4 /* ViewModelType.swift */; };
		5ADED1CA2A68071E00C0CBF4 /* TabBarController.swift in Sources */ = {isa = PBXBuildFile; fileRef = 5ADED1C92A68071E00C0CBF4 /* TabBarController.swift */; };
		5ADED1CC2A682B6300C0CBF4 /* TabBarItem.swift in Sources */ = {isa = PBXBuildFile; fileRef = 5ADED1CB2A682B6300C0CBF4 /* TabBarItem.swift */; };
		5ADED1CE2A68388A00C0CBF4 /* CragSearchViewController.swift in Sources */ = {isa = PBXBuildFile; fileRef = 5ADED1CD2A68388A00C0CBF4 /* CragSearchViewController.swift */; };
		5ADED1D02A6838AD00C0CBF4 /* RecordViewController.swift in Sources */ = {isa = PBXBuildFile; fileRef = 5ADED1CF2A6838AD00C0CBF4 /* RecordViewController.swift */; };
		5ADED1D22A6838C400C0CBF4 /* CommunityViewController.swift in Sources */ = {isa = PBXBuildFile; fileRef = 5ADED1D12A6838C400C0CBF4 /* CommunityViewController.swift */; };
		5ADED1D42A6838D300C0CBF4 /* MyPageViewController.swift in Sources */ = {isa = PBXBuildFile; fileRef = 5ADED1D32A6838D300C0CBF4 /* MyPageViewController.swift */; };
/* End PBXBuildFile section */

/* Begin PBXContainerItemProxy section */
		5ACADD0D2A5D989300B92C07 /* PBXContainerItemProxy */ = {
			isa = PBXContainerItemProxy;
			containerPortal = 5ACADCEE2A5D988F00B92C07 /* Project object */;
			proxyType = 1;
			remoteGlobalIDString = 5ACADCF52A5D988F00B92C07;
			remoteInfo = CLD;
		};
		5ACADD172A5D989300B92C07 /* PBXContainerItemProxy */ = {
			isa = PBXContainerItemProxy;
			containerPortal = 5ACADCEE2A5D988F00B92C07 /* Project object */;
			proxyType = 1;
			remoteGlobalIDString = 5ACADCF52A5D988F00B92C07;
			remoteInfo = CLD;
		};
/* End PBXContainerItemProxy section */

/* Begin PBXFileReference section */
		020F65482A7B72050036CFB1 /* SelectListView.swift */ = {isa = PBXFileReference; lastKnownFileType = sourcecode.swift; path = SelectListView.swift; sourceTree = "<group>"; };
		020F65502A7D045B0036CFB1 /* SelectVideoCell.swift */ = {isa = PBXFileReference; lastKnownFileType = sourcecode.swift; path = SelectVideoCell.swift; sourceTree = "<group>"; };
		020F65522A7D09450036CFB1 /* SelectVideoView.swift */ = {isa = PBXFileReference; lastKnownFileType = sourcecode.swift; path = SelectVideoView.swift; sourceTree = "<group>"; };
		023868C22A70009B0006C762 /* LoginManager.swift */ = {isa = PBXFileReference; lastKnownFileType = sourcecode.swift; path = LoginManager.swift; sourceTree = "<group>"; };
		023F37812A783C1F007B0511 /* SelectSectorView.swift */ = {isa = PBXFileReference; lastKnownFileType = sourcecode.swift; path = SelectSectorView.swift; sourceTree = "<group>"; };
		026BC4752A680FC000F49B87 /* AuthViewController.swift */ = {isa = PBXFileReference; lastKnownFileType = sourcecode.swift; path = AuthViewController.swift; sourceTree = "<group>"; };
		026BC4772A680FE900F49B87 /* SignInView.swift */ = {isa = PBXFileReference; lastKnownFileType = sourcecode.swift; path = SignInView.swift; sourceTree = "<group>"; };
		026BC47A2A6847BE00F49B87 /* Roboto-Bold.ttf */ = {isa = PBXFileReference; lastKnownFileType = file; path = "Roboto-Bold.ttf"; sourceTree = "<group>"; };
		026BC47D2A6847BF00F49B87 /* Roboto-Regular.ttf */ = {isa = PBXFileReference; lastKnownFileType = file; path = "Roboto-Regular.ttf"; sourceTree = "<group>"; };
		026BC4812A6847BF00F49B87 /* Roboto-Thin.ttf */ = {isa = PBXFileReference; lastKnownFileType = file; path = "Roboto-Thin.ttf"; sourceTree = "<group>"; };
		026BC4822A6847BF00F49B87 /* Roboto-Medium.ttf */ = {isa = PBXFileReference; lastKnownFileType = file; path = "Roboto-Medium.ttf"; sourceTree = "<group>"; };
		026BC4832A6847BF00F49B87 /* Roboto-Black.ttf */ = {isa = PBXFileReference; lastKnownFileType = file; path = "Roboto-Black.ttf"; sourceTree = "<group>"; };
		026BC4852A6847BF00F49B87 /* Roboto-Light.ttf */ = {isa = PBXFileReference; lastKnownFileType = file; path = "Roboto-Light.ttf"; sourceTree = "<group>"; };
		026BC4932A69102F00F49B87 /* SplashViewController.swift */ = {isa = PBXFileReference; lastKnownFileType = sourcecode.swift; path = SplashViewController.swift; sourceTree = "<group>"; };
		0281723B2A793A670089FD51 /* SelectColorView.swift */ = {isa = PBXFileReference; lastKnownFileType = sourcecode.swift; path = SelectColorView.swift; sourceTree = "<group>"; };
		0281723D2A793B900089FD51 /* SelectColorCell.swift */ = {isa = PBXFileReference; lastKnownFileType = sourcecode.swift; path = SelectColorCell.swift; sourceTree = "<group>"; };
		02DC9AC22A74A82E00F8989E /* SelectPlaceView.swift */ = {isa = PBXFileReference; lastKnownFileType = sourcecode.swift; path = SelectPlaceView.swift; sourceTree = "<group>"; };
		02DC9AC42A75789800F8989E /* SelectListCell.swift */ = {isa = PBXFileReference; lastKnownFileType = sourcecode.swift; path = SelectListCell.swift; sourceTree = "<group>"; };
		5ACADCF62A5D988F00B92C07 /* CLD.app */ = {isa = PBXFileReference; explicitFileType = wrapper.application; includeInIndex = 0; path = CLD.app; sourceTree = BUILT_PRODUCTS_DIR; };
		5ACADCF92A5D988F00B92C07 /* AppDelegate.swift */ = {isa = PBXFileReference; lastKnownFileType = sourcecode.swift; path = AppDelegate.swift; sourceTree = "<group>"; };
		5ACADCFB2A5D988F00B92C07 /* SceneDelegate.swift */ = {isa = PBXFileReference; lastKnownFileType = sourcecode.swift; path = SceneDelegate.swift; sourceTree = "<group>"; };
		5ACADD022A5D989300B92C07 /* Assets.xcassets */ = {isa = PBXFileReference; lastKnownFileType = folder.assetcatalog; path = Assets.xcassets; sourceTree = "<group>"; };
		5ACADD052A5D989300B92C07 /* Base */ = {isa = PBXFileReference; lastKnownFileType = file.storyboard; name = Base; path = Base.lproj/LaunchScreen.storyboard; sourceTree = "<group>"; };
		5ACADD072A5D989300B92C07 /* Info.plist */ = {isa = PBXFileReference; lastKnownFileType = text.plist.xml; path = Info.plist; sourceTree = "<group>"; };
		5ACADD0C2A5D989300B92C07 /* CLDTests.xctest */ = {isa = PBXFileReference; explicitFileType = wrapper.cfbundle; includeInIndex = 0; path = CLDTests.xctest; sourceTree = BUILT_PRODUCTS_DIR; };
		5ACADD102A5D989300B92C07 /* CLDTests.swift */ = {isa = PBXFileReference; lastKnownFileType = sourcecode.swift; path = CLDTests.swift; sourceTree = "<group>"; };
		5ACADD162A5D989300B92C07 /* CLDUITests.xctest */ = {isa = PBXFileReference; explicitFileType = wrapper.cfbundle; includeInIndex = 0; path = CLDUITests.xctest; sourceTree = BUILT_PRODUCTS_DIR; };
		5ACADD1A2A5D989300B92C07 /* CLDUITests.swift */ = {isa = PBXFileReference; lastKnownFileType = sourcecode.swift; path = CLDUITests.swift; sourceTree = "<group>"; };
		5ACADD1C2A5D989300B92C07 /* CLDUITestsLaunchTests.swift */ = {isa = PBXFileReference; lastKnownFileType = sourcecode.swift; path = CLDUITestsLaunchTests.swift; sourceTree = "<group>"; };
		5ACADD5C2A65919400B92C07 /* HomeViewController.swift */ = {isa = PBXFileReference; lastKnownFileType = sourcecode.swift; path = HomeViewController.swift; sourceTree = "<group>"; };
		5ACADD6A2A6592BE00B92C07 /* keep.txt */ = {isa = PBXFileReference; fileEncoding = 4; lastKnownFileType = text; path = keep.txt; sourceTree = "<group>"; };
		5ACADD702A6592EE00B92C07 /* keep.txt */ = {isa = PBXFileReference; fileEncoding = 4; lastKnownFileType = text; path = keep.txt; sourceTree = "<group>"; };
		5ACADD762A65930400B92C07 /* keep.txt */ = {isa = PBXFileReference; fileEncoding = 4; lastKnownFileType = text; path = keep.txt; sourceTree = "<group>"; };
		5ACADD782A65930D00B92C07 /* keep.txt */ = {isa = PBXFileReference; fileEncoding = 4; lastKnownFileType = text; path = keep.txt; sourceTree = "<group>"; };
		5ACADD7A2A65931800B92C07 /* keep.txt */ = {isa = PBXFileReference; fileEncoding = 4; lastKnownFileType = text; path = keep.txt; sourceTree = "<group>"; };
		5ACADD7C2A65931E00B92C07 /* keep.txt */ = {isa = PBXFileReference; fileEncoding = 4; lastKnownFileType = text; path = keep.txt; sourceTree = "<group>"; };
		5ACADD7E2A6593A000B92C07 /* keep.txt */ = {isa = PBXFileReference; fileEncoding = 4; lastKnownFileType = text; path = keep.txt; sourceTree = "<group>"; };
		5ACADD802A6593A500B92C07 /* keep.txt */ = {isa = PBXFileReference; fileEncoding = 4; lastKnownFileType = text; path = keep.txt; sourceTree = "<group>"; };
		5ACADD822A6593AA00B92C07 /* keep.txt */ = {isa = PBXFileReference; fileEncoding = 4; lastKnownFileType = text; path = keep.txt; sourceTree = "<group>"; };
		5ACADD842A6593B400B92C07 /* keep.txt */ = {isa = PBXFileReference; fileEncoding = 4; lastKnownFileType = text; path = keep.txt; sourceTree = "<group>"; };
		5ACADD882A6593C000B92C07 /* keep.txt */ = {isa = PBXFileReference; fileEncoding = 4; lastKnownFileType = text; path = keep.txt; sourceTree = "<group>"; };
		5ACADD8C2A6593CB00B92C07 /* keep.txt */ = {isa = PBXFileReference; fileEncoding = 4; lastKnownFileType = text; path = keep.txt; sourceTree = "<group>"; };
		5ACADD8E2A6593D100B92C07 /* keep.txt */ = {isa = PBXFileReference; fileEncoding = 4; lastKnownFileType = text; path = keep.txt; sourceTree = "<group>"; };
		5ACADD902A6593D600B92C07 /* keep.txt */ = {isa = PBXFileReference; fileEncoding = 4; lastKnownFileType = text; path = keep.txt; sourceTree = "<group>"; };
		5ACADD922A6593DC00B92C07 /* keep.txt */ = {isa = PBXFileReference; fileEncoding = 4; lastKnownFileType = text; path = keep.txt; sourceTree = "<group>"; };
		5ACADD942A6593E000B92C07 /* keep.txt */ = {isa = PBXFileReference; fileEncoding = 4; lastKnownFileType = text; path = keep.txt; sourceTree = "<group>"; };
		5ADED1AA2A66ACC500C0CBF4 /* UITextField+Extension.swift */ = {isa = PBXFileReference; lastKnownFileType = sourcecode.swift; path = "UITextField+Extension.swift"; sourceTree = "<group>"; };
		5ADED1AC2A66ADA900C0CBF4 /* ReusableView+Extension.swift */ = {isa = PBXFileReference; lastKnownFileType = sourcecode.swift; path = "ReusableView+Extension.swift"; sourceTree = "<group>"; };
		5ADED1AE2A66AEAD00C0CBF4 /* UICollectionView+Extension.swift */ = {isa = PBXFileReference; lastKnownFileType = sourcecode.swift; path = "UICollectionView+Extension.swift"; sourceTree = "<group>"; };
		5ADED1B02A66AFF700C0CBF4 /* UIStackView+Extension.swift */ = {isa = PBXFileReference; lastKnownFileType = sourcecode.swift; path = "UIStackView+Extension.swift"; sourceTree = "<group>"; };
		5ADED1B62A67793F00C0CBF4 /* UIView+Extension.swift */ = {isa = PBXFileReference; lastKnownFileType = sourcecode.swift; path = "UIView+Extension.swift"; sourceTree = "<group>"; };
		5ADED1B82A678E9C00C0CBF4 /* UILabel+Extension.swift */ = {isa = PBXFileReference; lastKnownFileType = sourcecode.swift; path = "UILabel+Extension.swift"; sourceTree = "<group>"; };
		5ADED1BA2A67929500C0CBF4 /* BaseViewController.swift */ = {isa = PBXFileReference; lastKnownFileType = sourcecode.swift; path = BaseViewController.swift; sourceTree = "<group>"; };
		5ADED1BC2A679B6A00C0CBF4 /* UIColor+Extension.swift */ = {isa = PBXFileReference; lastKnownFileType = sourcecode.swift; path = "UIColor+Extension.swift"; sourceTree = "<group>"; };
		5ADED1BE2A679FB100C0CBF4 /* UIImage+Extension.swift */ = {isa = PBXFileReference; lastKnownFileType = sourcecode.swift; path = "UIImage+Extension.swift"; sourceTree = "<group>"; };
		5ADED1C02A67A06F00C0CBF4 /* ImageLiteral.swift */ = {isa = PBXFileReference; lastKnownFileType = sourcecode.swift; path = ImageLiteral.swift; sourceTree = "<group>"; };
		5ADED1C22A67A1B300C0CBF4 /* ViewModelType.swift */ = {isa = PBXFileReference; lastKnownFileType = sourcecode.swift; path = ViewModelType.swift; sourceTree = "<group>"; };
		5ADED1C92A68071E00C0CBF4 /* TabBarController.swift */ = {isa = PBXFileReference; lastKnownFileType = sourcecode.swift; path = TabBarController.swift; sourceTree = "<group>"; };
		5ADED1CB2A682B6300C0CBF4 /* TabBarItem.swift */ = {isa = PBXFileReference; lastKnownFileType = sourcecode.swift; path = TabBarItem.swift; sourceTree = "<group>"; };
		5ADED1CD2A68388A00C0CBF4 /* CragSearchViewController.swift */ = {isa = PBXFileReference; lastKnownFileType = sourcecode.swift; path = CragSearchViewController.swift; sourceTree = "<group>"; };
		5ADED1CF2A6838AD00C0CBF4 /* RecordViewController.swift */ = {isa = PBXFileReference; lastKnownFileType = sourcecode.swift; path = RecordViewController.swift; sourceTree = "<group>"; };
		5ADED1D12A6838C400C0CBF4 /* CommunityViewController.swift */ = {isa = PBXFileReference; lastKnownFileType = sourcecode.swift; path = CommunityViewController.swift; sourceTree = "<group>"; };
		5ADED1D32A6838D300C0CBF4 /* MyPageViewController.swift */ = {isa = PBXFileReference; lastKnownFileType = sourcecode.swift; path = MyPageViewController.swift; sourceTree = "<group>"; };
/* End PBXFileReference section */

/* Begin PBXFrameworksBuildPhase section */
		5ACADCF32A5D988F00B92C07 /* Frameworks */ = {
			isa = PBXFrameworksBuildPhase;
			buildActionMask = 2147483647;
			files = (
				5A0871152A65A7DD00947794 /* RxMoya in Frameworks */,
				024509F32A6E6D7600F0DC76 /* RxCocoa in Frameworks */,
				0241775C2A6E5DA7006C3C4D /* KakaoSDKCommon in Frameworks */,
				5A0871182A65A80100947794 /* SnapKit in Frameworks */,
				5A0871112A65A7DD00947794 /* Moya in Frameworks */,
				024509F72A6E6D7600F0DC76 /* RxSwift in Frameworks */,
				0241775E2A6E5DA7006C3C4D /* KakaoSDKUser in Frameworks */,
				0279DA942A6EC9A1002C2272 /* FacebookLogin in Frameworks */,
				0279DA922A6EC9A1002C2272 /* FacebookCore in Frameworks */,
				5A0871132A65A7DD00947794 /* ReactiveMoya in Frameworks */,
				5A08711B2A65A85700947794 /* Kingfisher in Frameworks */,
				0241775A2A6E5DA7006C3C4D /* KakaoSDKAuth in Frameworks */,
				024509F52A6E6D7600F0DC76 /* RxRelay in Frameworks */,
			);
			runOnlyForDeploymentPostprocessing = 0;
		};
		5ACADD092A5D989300B92C07 /* Frameworks */ = {
			isa = PBXFrameworksBuildPhase;
			buildActionMask = 2147483647;
			files = (
			);
			runOnlyForDeploymentPostprocessing = 0;
		};
		5ACADD132A5D989300B92C07 /* Frameworks */ = {
			isa = PBXFrameworksBuildPhase;
			buildActionMask = 2147483647;
			files = (
			);
			runOnlyForDeploymentPostprocessing = 0;
		};
/* End PBXFrameworksBuildPhase section */

/* Begin PBXGroup section */
		026BC4712A680D9200F49B87 /* Auth */ = {
			isa = PBXGroup;
			children = (
				026BC4722A680DC000F49B87 /* View */,
				026BC4742A680EDC00F49B87 /* ViewController */,
				026BC4732A680DC700F49B87 /* ViewModel */,
				023868C22A70009B0006C762 /* LoginManager.swift */,
			);
			path = Auth;
			sourceTree = "<group>";
		};
		026BC4722A680DC000F49B87 /* View */ = {
			isa = PBXGroup;
			children = (
				026BC4772A680FE900F49B87 /* SignInView.swift */,
			);
			path = View;
			sourceTree = "<group>";
		};
		026BC4732A680DC700F49B87 /* ViewModel */ = {
			isa = PBXGroup;
			children = (
			);
			path = ViewModel;
			sourceTree = "<group>";
		};
		026BC4742A680EDC00F49B87 /* ViewController */ = {
			isa = PBXGroup;
			children = (
				026BC4752A680FC000F49B87 /* AuthViewController.swift */,
			);
			path = ViewController;
			sourceTree = "<group>";
		};
		026BC4792A68475900F49B87 /* Font */ = {
			isa = PBXGroup;
			children = (
				026BC4832A6847BF00F49B87 /* Roboto-Black.ttf */,
				026BC47A2A6847BE00F49B87 /* Roboto-Bold.ttf */,
				026BC4852A6847BF00F49B87 /* Roboto-Light.ttf */,
				026BC4822A6847BF00F49B87 /* Roboto-Medium.ttf */,
				026BC47D2A6847BF00F49B87 /* Roboto-Regular.ttf */,
				026BC4812A6847BF00F49B87 /* Roboto-Thin.ttf */,
			);
			path = Font;
			sourceTree = "<group>";
		};
		026BC4922A69101700F49B87 /* Splash */ = {
			isa = PBXGroup;
			children = (
				026BC4932A69102F00F49B87 /* SplashViewController.swift */,
			);
			path = Splash;
			sourceTree = "<group>";
		};
		5ACADCED2A5D988F00B92C07 = {
			isa = PBXGroup;
			children = (
				5ACADCF82A5D988F00B92C07 /* CLD */,
				5ACADD0F2A5D989300B92C07 /* CLDTests */,
				5ACADD192A5D989300B92C07 /* CLDUITests */,
				5ACADCF72A5D988F00B92C07 /* Products */,
			);
			sourceTree = "<group>";
		};
		5ACADCF72A5D988F00B92C07 /* Products */ = {
			isa = PBXGroup;
			children = (
				5ACADCF62A5D988F00B92C07 /* CLD.app */,
				5ACADD0C2A5D989300B92C07 /* CLDTests.xctest */,
				5ACADD162A5D989300B92C07 /* CLDUITests.xctest */,
			);
			name = Products;
			sourceTree = "<group>";
		};
		5ACADCF82A5D988F00B92C07 /* CLD */ = {
			isa = PBXGroup;
			children = (
				5ACADD402A64075700B92C07 /* App */,
				5ACADD432A6581FD00B92C07 /* Common */,
				5ACADD3F2A64073300B92C07 /* Data */,
				5ACADD412A65816B00B92C07 /* Domain */,
				5ACADD3E2A6406D000B92C07 /* Presentation  */,
			);
			path = CLD;
			sourceTree = "<group>";
		};
		5ACADD0F2A5D989300B92C07 /* CLDTests */ = {
			isa = PBXGroup;
			children = (
				5ACADD102A5D989300B92C07 /* CLDTests.swift */,
			);
			path = CLDTests;
			sourceTree = "<group>";
		};
		5ACADD192A5D989300B92C07 /* CLDUITests */ = {
			isa = PBXGroup;
			children = (
				5ACADD1A2A5D989300B92C07 /* CLDUITests.swift */,
				5ACADD1C2A5D989300B92C07 /* CLDUITestsLaunchTests.swift */,
			);
			path = CLDUITests;
			sourceTree = "<group>";
		};
		5ACADD3E2A6406D000B92C07 /* Presentation  */ = {
			isa = PBXGroup;
			children = (
				5ADED1C82A6806DD00C0CBF4 /* TabBar */,
				026BC4922A69101700F49B87 /* Splash */,
				026BC4712A680D9200F49B87 /* Auth */,
				5ACADD572A658F0D00B92C07 /* Home */,
				5ACADD582A658F1300B92C07 /* CragSearch */,
				5ACADD5B2A65909D00B92C07 /* Record */,
				5ACADD5A2A65906E00B92C07 /* Community */,
				5ACADD592A65904E00B92C07 /* MyPage */,
			);
			path = "Presentation ";
			sourceTree = "<group>";
		};
		5ACADD3F2A64073300B92C07 /* Data */ = {
			isa = PBXGroup;
			children = (
				5ACADD522A658AF400B92C07 /* Repository */,
				5ACADD512A658AEB00B92C07 /* Network */,
				5ACADD502A658AE000B92C07 /* DTO+Mapping */,
			);
			path = Data;
			sourceTree = "<group>";
		};
		5ACADD402A64075700B92C07 /* App */ = {
			isa = PBXGroup;
			children = (
				5ACADD442A6582E000B92C07 /* Application */,
				5ACADD472A65843700B92C07 /* ModuleFactory */,
				5ACADD452A65830100B92C07 /* Support */,
			);
			path = App;
			sourceTree = "<group>";
		};
		5ACADD412A65816B00B92C07 /* Domain */ = {
			isa = PBXGroup;
			children = (
				5ACADD562A658E0600B92C07 /* Usecase */,
				5ACADD552A658E0200B92C07 /* VO */,
				5ACADD542A658DE400B92C07 /* RepositoryInterface */,
			);
			path = Domain;
			sourceTree = "<group>";
		};
		5ACADD432A6581FD00B92C07 /* Common */ = {
			isa = PBXGroup;
			children = (
				5ACADD4A2A65874900B92C07 /* Base */,
				5ACADD482A6586B900B92C07 /* Extensions */,
				5ACADD492A6586E000B92C07 /* Components */,
				5ACADD4D2A6589F900B92C07 /* Literals */,
				5ACADD4E2A658A0E00B92C07 /* Protocols */,
				5ACADD462A6583D400B92C07 /* Resource */,
				5ACADD4F2A658A1800B92C07 /* Utills */,
			);
			path = Common;
			sourceTree = "<group>";
		};
		5ACADD442A6582E000B92C07 /* Application */ = {
			isa = PBXGroup;
			children = (
				5ACADCF92A5D988F00B92C07 /* AppDelegate.swift */,
				5ACADCFB2A5D988F00B92C07 /* SceneDelegate.swift */,
			);
			path = Application;
			sourceTree = "<group>";
		};
		5ACADD452A65830100B92C07 /* Support */ = {
			isa = PBXGroup;
			children = (
				5ACADD072A5D989300B92C07 /* Info.plist */,
			);
			path = Support;
			sourceTree = "<group>";
		};
		5ACADD462A6583D400B92C07 /* Resource */ = {
			isa = PBXGroup;
			children = (
				026BC4792A68475900F49B87 /* Font */,
				5ACADD022A5D989300B92C07 /* Assets.xcassets */,
				5ACADD042A5D989300B92C07 /* LaunchScreen.storyboard */,
			);
			path = Resource;
			sourceTree = "<group>";
		};
		5ACADD472A65843700B92C07 /* ModuleFactory */ = {
			isa = PBXGroup;
			children = (
				5ACADD6A2A6592BE00B92C07 /* keep.txt */,
			);
			path = ModuleFactory;
			sourceTree = "<group>";
		};
		5ACADD482A6586B900B92C07 /* Extensions */ = {
			isa = PBXGroup;
			children = (
				5ADED1AA2A66ACC500C0CBF4 /* UITextField+Extension.swift */,
				5ADED1AC2A66ADA900C0CBF4 /* ReusableView+Extension.swift */,
				5ADED1AE2A66AEAD00C0CBF4 /* UICollectionView+Extension.swift */,
				5ADED1B02A66AFF700C0CBF4 /* UIStackView+Extension.swift */,
				5ADED1B62A67793F00C0CBF4 /* UIView+Extension.swift */,
				5ADED1B82A678E9C00C0CBF4 /* UILabel+Extension.swift */,
				5ADED1BC2A679B6A00C0CBF4 /* UIColor+Extension.swift */,
				5ADED1BE2A679FB100C0CBF4 /* UIImage+Extension.swift */,
			);
			path = Extensions;
			sourceTree = "<group>";
		};
		5ACADD492A6586E000B92C07 /* Components */ = {
			isa = PBXGroup;
			children = (
				5ACADD702A6592EE00B92C07 /* keep.txt */,
			);
			path = Components;
			sourceTree = "<group>";
		};
		5ACADD4A2A65874900B92C07 /* Base */ = {
			isa = PBXGroup;
			children = (
				5ADED1BA2A67929500C0CBF4 /* BaseViewController.swift */,
			);
			path = Base;
			sourceTree = "<group>";
		};
		5ACADD4D2A6589F900B92C07 /* Literals */ = {
			isa = PBXGroup;
			children = (
				5ADED1C02A67A06F00C0CBF4 /* ImageLiteral.swift */,
			);
			path = Literals;
			sourceTree = "<group>";
		};
		5ACADD4E2A658A0E00B92C07 /* Protocols */ = {
			isa = PBXGroup;
			children = (
				5ADED1C22A67A1B300C0CBF4 /* ViewModelType.swift */,
			);
			path = Protocols;
			sourceTree = "<group>";
		};
		5ACADD4F2A658A1800B92C07 /* Utills */ = {
			isa = PBXGroup;
			children = (
				5ACADD762A65930400B92C07 /* keep.txt */,
			);
			path = Utills;
			sourceTree = "<group>";
		};
		5ACADD502A658AE000B92C07 /* DTO+Mapping */ = {
			isa = PBXGroup;
			children = (
				5ACADD7C2A65931E00B92C07 /* keep.txt */,
			);
			path = "DTO+Mapping";
			sourceTree = "<group>";
		};
		5ACADD512A658AEB00B92C07 /* Network */ = {
			isa = PBXGroup;
			children = (
				5ACADD532A658B3A00B92C07 /* API */,
			);
			path = Network;
			sourceTree = "<group>";
		};
		5ACADD522A658AF400B92C07 /* Repository */ = {
			isa = PBXGroup;
			children = (
				5ACADD782A65930D00B92C07 /* keep.txt */,
			);
			path = Repository;
			sourceTree = "<group>";
		};
		5ACADD532A658B3A00B92C07 /* API */ = {
			isa = PBXGroup;
			children = (
				5ACADD7A2A65931800B92C07 /* keep.txt */,
			);
			path = API;
			sourceTree = "<group>";
		};
		5ACADD542A658DE400B92C07 /* RepositoryInterface */ = {
			isa = PBXGroup;
			children = (
				5ACADD822A6593AA00B92C07 /* keep.txt */,
			);
			path = RepositoryInterface;
			sourceTree = "<group>";
		};
		5ACADD552A658E0200B92C07 /* VO */ = {
			isa = PBXGroup;
			children = (
				5ACADD802A6593A500B92C07 /* keep.txt */,
			);
			path = VO;
			sourceTree = "<group>";
		};
		5ACADD562A658E0600B92C07 /* Usecase */ = {
			isa = PBXGroup;
			children = (
				5ACADD7E2A6593A000B92C07 /* keep.txt */,
			);
			path = Usecase;
			sourceTree = "<group>";
		};
		5ACADD572A658F0D00B92C07 /* Home */ = {
			isa = PBXGroup;
			children = (
				5ACADD5E2A65921300B92C07 /* View */,
				5ACADD5F2A65921C00B92C07 /* ViewModel */,
			);
			path = Home;
			sourceTree = "<group>";
		};
		5ACADD582A658F1300B92C07 /* CragSearch */ = {
			isa = PBXGroup;
			children = (
				5ACADD602A65923A00B92C07 /* View */,
				5ACADD612A65924000B92C07 /* ViewModel */,
			);
			path = CragSearch;
			sourceTree = "<group>";
		};
		5ACADD592A65904E00B92C07 /* MyPage */ = {
			isa = PBXGroup;
			children = (
				5ACADD672A65926300B92C07 /* View */,
				5ACADD662A65925D00B92C07 /* ViewModel */,
				5ADED1D32A6838D300C0CBF4 /* MyPageViewController.swift */,
			);
			path = MyPage;
			sourceTree = "<group>";
		};
		5ACADD5A2A65906E00B92C07 /* Community */ = {
			isa = PBXGroup;
			children = (
				5ACADD652A65925900B92C07 /* View */,
				5ACADD642A65925300B92C07 /* ViewModel */,
				5ADED1D12A6838C400C0CBF4 /* CommunityViewController.swift */,
			);
			path = Community;
			sourceTree = "<group>";
		};
		5ACADD5B2A65909D00B92C07 /* Record */ = {
			isa = PBXGroup;
			children = (
				5ACADD632A65924D00B92C07 /* View */,
				5ACADD622A65924700B92C07 /* ViewModel */,
			);
			path = Record;
			sourceTree = "<group>";
		};
		5ACADD5E2A65921300B92C07 /* View */ = {
			isa = PBXGroup;
			children = (
				5ACADD5C2A65919400B92C07 /* HomeViewController.swift */,
			);
			path = View;
			sourceTree = "<group>";
		};
		5ACADD5F2A65921C00B92C07 /* ViewModel */ = {
			isa = PBXGroup;
			children = (
				5ACADD842A6593B400B92C07 /* keep.txt */,
			);
			path = ViewModel;
			sourceTree = "<group>";
		};
		5ACADD602A65923A00B92C07 /* View */ = {
			isa = PBXGroup;
			children = (
				5ADED1CD2A68388A00C0CBF4 /* CragSearchViewController.swift */,
			);
			path = View;
			sourceTree = "<group>";
		};
		5ACADD612A65924000B92C07 /* ViewModel */ = {
			isa = PBXGroup;
			children = (
				5ACADD882A6593C000B92C07 /* keep.txt */,
			);
			path = ViewModel;
			sourceTree = "<group>";
		};
		5ACADD622A65924700B92C07 /* ViewModel */ = {
			isa = PBXGroup;
			children = (
				5ACADD8C2A6593CB00B92C07 /* keep.txt */,
			);
			path = ViewModel;
			sourceTree = "<group>";
		};
		5ACADD632A65924D00B92C07 /* View */ = {
			isa = PBXGroup;
			children = (
				5ADED1CF2A6838AD00C0CBF4 /* RecordViewController.swift */,
				02DC9AC22A74A82E00F8989E /* SelectPlaceView.swift */,
				02DC9AC42A75789800F8989E /* SelectListCell.swift */,
				023F37812A783C1F007B0511 /* SelectSectorView.swift */,
				0281723B2A793A670089FD51 /* SelectColorView.swift */,
				0281723D2A793B900089FD51 /* SelectColorCell.swift */,
				020F65482A7B72050036CFB1 /* SelectListView.swift */,
				020F65502A7D045B0036CFB1 /* SelectVideoCell.swift */,
				020F65522A7D09450036CFB1 /* SelectVideoView.swift */,
			);
			path = View;
			sourceTree = "<group>";
		};
		5ACADD642A65925300B92C07 /* ViewModel */ = {
			isa = PBXGroup;
			children = (
				5ACADD902A6593D600B92C07 /* keep.txt */,
			);
			path = ViewModel;
			sourceTree = "<group>";
		};
		5ACADD652A65925900B92C07 /* View */ = {
			isa = PBXGroup;
			children = (
				5ACADD8E2A6593D100B92C07 /* keep.txt */,
			);
			path = View;
			sourceTree = "<group>";
		};
		5ACADD662A65925D00B92C07 /* ViewModel */ = {
			isa = PBXGroup;
			children = (
				5ACADD942A6593E000B92C07 /* keep.txt */,
			);
			path = ViewModel;
			sourceTree = "<group>";
		};
		5ACADD672A65926300B92C07 /* View */ = {
			isa = PBXGroup;
			children = (
				5ACADD922A6593DC00B92C07 /* keep.txt */,
			);
			path = View;
			sourceTree = "<group>";
		};
		5ADED1C82A6806DD00C0CBF4 /* TabBar */ = {
			isa = PBXGroup;
			children = (
				5ADED1C92A68071E00C0CBF4 /* TabBarController.swift */,
				5ADED1CB2A682B6300C0CBF4 /* TabBarItem.swift */,
			);
			path = TabBar;
			sourceTree = "<group>";
		};
/* End PBXGroup section */

/* Begin PBXNativeTarget section */
		5ACADCF52A5D988F00B92C07 /* CLD */ = {
			isa = PBXNativeTarget;
			buildConfigurationList = 5ACADD202A5D989300B92C07 /* Build configuration list for PBXNativeTarget "CLD" */;
			buildPhases = (
				5ACADCF22A5D988F00B92C07 /* Sources */,
				5ACADCF32A5D988F00B92C07 /* Frameworks */,
				5ACADCF42A5D988F00B92C07 /* Resources */,
			);
			buildRules = (
			);
			dependencies = (
			);
			name = CLD;
			packageProductDependencies = (
				5A0871102A65A7DD00947794 /* Moya */,
				5A0871122A65A7DD00947794 /* ReactiveMoya */,
				5A0871142A65A7DD00947794 /* RxMoya */,
				5A0871172A65A80100947794 /* SnapKit */,
				5A08711A2A65A85700947794 /* Kingfisher */,
				024177592A6E5DA7006C3C4D /* KakaoSDKAuth */,
				0241775B2A6E5DA7006C3C4D /* KakaoSDKCommon */,
				0241775D2A6E5DA7006C3C4D /* KakaoSDKUser */,
				024509F22A6E6D7600F0DC76 /* RxCocoa */,
				024509F42A6E6D7600F0DC76 /* RxRelay */,
				024509F62A6E6D7600F0DC76 /* RxSwift */,
				0279DA912A6EC9A1002C2272 /* FacebookCore */,
				0279DA932A6EC9A1002C2272 /* FacebookLogin */,
			);
			productName = CLD;
			productReference = 5ACADCF62A5D988F00B92C07 /* CLD.app */;
			productType = "com.apple.product-type.application";
		};
		5ACADD0B2A5D989300B92C07 /* CLDTests */ = {
			isa = PBXNativeTarget;
			buildConfigurationList = 5ACADD232A5D989300B92C07 /* Build configuration list for PBXNativeTarget "CLDTests" */;
			buildPhases = (
				5ACADD082A5D989300B92C07 /* Sources */,
				5ACADD092A5D989300B92C07 /* Frameworks */,
				5ACADD0A2A5D989300B92C07 /* Resources */,
			);
			buildRules = (
			);
			dependencies = (
				5ACADD0E2A5D989300B92C07 /* PBXTargetDependency */,
			);
			name = CLDTests;
			productName = CLDTests;
			productReference = 5ACADD0C2A5D989300B92C07 /* CLDTests.xctest */;
			productType = "com.apple.product-type.bundle.unit-test";
		};
		5ACADD152A5D989300B92C07 /* CLDUITests */ = {
			isa = PBXNativeTarget;
			buildConfigurationList = 5ACADD262A5D989300B92C07 /* Build configuration list for PBXNativeTarget "CLDUITests" */;
			buildPhases = (
				5ACADD122A5D989300B92C07 /* Sources */,
				5ACADD132A5D989300B92C07 /* Frameworks */,
				5ACADD142A5D989300B92C07 /* Resources */,
			);
			buildRules = (
			);
			dependencies = (
				5ACADD182A5D989300B92C07 /* PBXTargetDependency */,
			);
			name = CLDUITests;
			productName = CLDUITests;
			productReference = 5ACADD162A5D989300B92C07 /* CLDUITests.xctest */;
			productType = "com.apple.product-type.bundle.ui-testing";
		};
/* End PBXNativeTarget section */

/* Begin PBXProject section */
		5ACADCEE2A5D988F00B92C07 /* Project object */ = {
			isa = PBXProject;
			attributes = {
				BuildIndependentTargetsInParallel = 1;
				LastSwiftUpdateCheck = 1410;
				LastUpgradeCheck = 1420;
				TargetAttributes = {
					5ACADCF52A5D988F00B92C07 = {
						CreatedOnToolsVersion = 14.1;
					};
					5ACADD0B2A5D989300B92C07 = {
						CreatedOnToolsVersion = 14.1;
						TestTargetID = 5ACADCF52A5D988F00B92C07;
					};
					5ACADD152A5D989300B92C07 = {
						CreatedOnToolsVersion = 14.1;
						TestTargetID = 5ACADCF52A5D988F00B92C07;
					};
				};
			};
			buildConfigurationList = 5ACADCF12A5D988F00B92C07 /* Build configuration list for PBXProject "CLD" */;
			compatibilityVersion = "Xcode 14.0";
			developmentRegion = en;
			hasScannedForEncodings = 0;
			knownRegions = (
				en,
				Base,
			);
			mainGroup = 5ACADCED2A5D988F00B92C07;
			packageReferences = (
				5A08710F2A65A7DD00947794 /* XCRemoteSwiftPackageReference "Moya" */,
				5A0871162A65A80100947794 /* XCRemoteSwiftPackageReference "SnapKit" */,
				5A0871192A65A85700947794 /* XCRemoteSwiftPackageReference "Kingfisher" */,
				024177582A6E5DA7006C3C4D /* XCRemoteSwiftPackageReference "kakao-ios-sdk" */,
				024509EF2A6E6D7600F0DC76 /* XCRemoteSwiftPackageReference "RxSwift" */,
				0279DA902A6EC9A1002C2272 /* XCRemoteSwiftPackageReference "facebook-ios-sdk" */,
			);
			productRefGroup = 5ACADCF72A5D988F00B92C07 /* Products */;
			projectDirPath = "";
			projectRoot = "";
			targets = (
				5ACADCF52A5D988F00B92C07 /* CLD */,
				5ACADD0B2A5D989300B92C07 /* CLDTests */,
				5ACADD152A5D989300B92C07 /* CLDUITests */,
			);
		};
/* End PBXProject section */

/* Begin PBXResourcesBuildPhase section */
		5ACADCF42A5D988F00B92C07 /* Resources */ = {
			isa = PBXResourcesBuildPhase;
			buildActionMask = 2147483647;
			files = (
				026BC4892A6847BF00F49B87 /* Roboto-Regular.ttf in Resources */,
				5ACADD062A5D989300B92C07 /* LaunchScreen.storyboard in Resources */,
				026BC4912A6847BF00F49B87 /* Roboto-Light.ttf in Resources */,
				5ACADD032A5D989300B92C07 /* Assets.xcassets in Resources */,
				026BC48E2A6847BF00F49B87 /* Roboto-Medium.ttf in Resources */,
				026BC48D2A6847BF00F49B87 /* Roboto-Thin.ttf in Resources */,
				026BC4862A6847BF00F49B87 /* Roboto-Bold.ttf in Resources */,
				026BC48F2A6847BF00F49B87 /* Roboto-Black.ttf in Resources */,
			);
			runOnlyForDeploymentPostprocessing = 0;
		};
		5ACADD0A2A5D989300B92C07 /* Resources */ = {
			isa = PBXResourcesBuildPhase;
			buildActionMask = 2147483647;
			files = (
			);
			runOnlyForDeploymentPostprocessing = 0;
		};
		5ACADD142A5D989300B92C07 /* Resources */ = {
			isa = PBXResourcesBuildPhase;
			buildActionMask = 2147483647;
			files = (
			);
			runOnlyForDeploymentPostprocessing = 0;
		};
/* End PBXResourcesBuildPhase section */

/* Begin PBXSourcesBuildPhase section */
		5ACADCF22A5D988F00B92C07 /* Sources */ = {
			isa = PBXSourcesBuildPhase;
			buildActionMask = 2147483647;
			files = (
				02DC9AC52A75789800F8989E /* SelectListCell.swift in Sources */,
				5ADED1AF2A66AEAD00C0CBF4 /* UICollectionView+Extension.swift in Sources */,
				020F65532A7D09450036CFB1 /* SelectVideoView.swift in Sources */,
				0281723E2A793B900089FD51 /* SelectColorCell.swift in Sources */,
				020F65492A7B72050036CFB1 /* SelectListView.swift in Sources */,
				5ADED1B12A66AFF700C0CBF4 /* UIStackView+Extension.swift in Sources */,
				5ADED1B72A67793F00C0CBF4 /* UIView+Extension.swift in Sources */,
				5ADED1D02A6838AD00C0CBF4 /* RecordViewController.swift in Sources */,
				5ADED1CA2A68071E00C0CBF4 /* TabBarController.swift in Sources */,
				0281723C2A793A670089FD51 /* SelectColorView.swift in Sources */,
				02DC9AC32A74A82E00F8989E /* SelectPlaceView.swift in Sources */,
				5ADED1D22A6838C400C0CBF4 /* CommunityViewController.swift in Sources */,
				5ADED1BF2A679FB100C0CBF4 /* UIImage+Extension.swift in Sources */,
				023868C32A70009B0006C762 /* LoginManager.swift in Sources */,
				5ADED1BD2A679B6A00C0CBF4 /* UIColor+Extension.swift in Sources */,
				5ADED1CC2A682B6300C0CBF4 /* TabBarItem.swift in Sources */,
				026BC4942A69102F00F49B87 /* SplashViewController.swift in Sources */,
				026BC4782A680FE900F49B87 /* SignInView.swift in Sources */,
				5ACADCFA2A5D988F00B92C07 /* AppDelegate.swift in Sources */,
				5ADED1C32A67A1B300C0CBF4 /* ViewModelType.swift in Sources */,
				026BC4762A680FC000F49B87 /* AuthViewController.swift in Sources */,
				5ADED1C12A67A06F00C0CBF4 /* ImageLiteral.swift in Sources */,
				5ADED1AB2A66ACC500C0CBF4 /* UITextField+Extension.swift in Sources */,
				020F65512A7D045B0036CFB1 /* SelectVideoCell.swift in Sources */,
				5ADED1BB2A67929500C0CBF4 /* BaseViewController.swift in Sources */,
				5ACADCFC2A5D988F00B92C07 /* SceneDelegate.swift in Sources */,
				5ADED1D42A6838D300C0CBF4 /* MyPageViewController.swift in Sources */,
				5ADED1AD2A66ADA900C0CBF4 /* ReusableView+Extension.swift in Sources */,
				5ADED1CE2A68388A00C0CBF4 /* CragSearchViewController.swift in Sources */,
				5ACADD5D2A65919400B92C07 /* HomeViewController.swift in Sources */,
				023F37822A783C1F007B0511 /* SelectSectorView.swift in Sources */,
				5ADED1B92A678E9C00C0CBF4 /* UILabel+Extension.swift in Sources */,
			);
			runOnlyForDeploymentPostprocessing = 0;
		};
		5ACADD082A5D989300B92C07 /* Sources */ = {
			isa = PBXSourcesBuildPhase;
			buildActionMask = 2147483647;
			files = (
				5ACADD112A5D989300B92C07 /* CLDTests.swift in Sources */,
			);
			runOnlyForDeploymentPostprocessing = 0;
		};
		5ACADD122A5D989300B92C07 /* Sources */ = {
			isa = PBXSourcesBuildPhase;
			buildActionMask = 2147483647;
			files = (
				5ACADD1D2A5D989300B92C07 /* CLDUITestsLaunchTests.swift in Sources */,
				5ACADD1B2A5D989300B92C07 /* CLDUITests.swift in Sources */,
			);
			runOnlyForDeploymentPostprocessing = 0;
		};
/* End PBXSourcesBuildPhase section */

/* Begin PBXTargetDependency section */
		5ACADD0E2A5D989300B92C07 /* PBXTargetDependency */ = {
			isa = PBXTargetDependency;
			target = 5ACADCF52A5D988F00B92C07 /* CLD */;
			targetProxy = 5ACADD0D2A5D989300B92C07 /* PBXContainerItemProxy */;
		};
		5ACADD182A5D989300B92C07 /* PBXTargetDependency */ = {
			isa = PBXTargetDependency;
			target = 5ACADCF52A5D988F00B92C07 /* CLD */;
			targetProxy = 5ACADD172A5D989300B92C07 /* PBXContainerItemProxy */;
		};
/* End PBXTargetDependency section */

/* Begin PBXVariantGroup section */
		5ACADD042A5D989300B92C07 /* LaunchScreen.storyboard */ = {
			isa = PBXVariantGroup;
			children = (
				5ACADD052A5D989300B92C07 /* Base */,
			);
			name = LaunchScreen.storyboard;
			sourceTree = "<group>";
		};
/* End PBXVariantGroup section */

/* Begin XCBuildConfiguration section */
		5ACADD1E2A5D989300B92C07 /* Debug */ = {
			isa = XCBuildConfiguration;
			buildSettings = {
				ALWAYS_SEARCH_USER_PATHS = NO;
				CLANG_ANALYZER_NONNULL = YES;
				CLANG_ANALYZER_NUMBER_OBJECT_CONVERSION = YES_AGGRESSIVE;
				CLANG_CXX_LANGUAGE_STANDARD = "gnu++20";
				CLANG_ENABLE_MODULES = YES;
				CLANG_ENABLE_OBJC_ARC = YES;
				CLANG_ENABLE_OBJC_WEAK = YES;
				CLANG_WARN_BLOCK_CAPTURE_AUTORELEASING = YES;
				CLANG_WARN_BOOL_CONVERSION = YES;
				CLANG_WARN_COMMA = YES;
				CLANG_WARN_CONSTANT_CONVERSION = YES;
				CLANG_WARN_DEPRECATED_OBJC_IMPLEMENTATIONS = YES;
				CLANG_WARN_DIRECT_OBJC_ISA_USAGE = YES_ERROR;
				CLANG_WARN_DOCUMENTATION_COMMENTS = YES;
				CLANG_WARN_EMPTY_BODY = YES;
				CLANG_WARN_ENUM_CONVERSION = YES;
				CLANG_WARN_INFINITE_RECURSION = YES;
				CLANG_WARN_INT_CONVERSION = YES;
				CLANG_WARN_NON_LITERAL_NULL_CONVERSION = YES;
				CLANG_WARN_OBJC_IMPLICIT_RETAIN_SELF = YES;
				CLANG_WARN_OBJC_LITERAL_CONVERSION = YES;
				CLANG_WARN_OBJC_ROOT_CLASS = YES_ERROR;
				CLANG_WARN_QUOTED_INCLUDE_IN_FRAMEWORK_HEADER = YES;
				CLANG_WARN_RANGE_LOOP_ANALYSIS = YES;
				CLANG_WARN_STRICT_PROTOTYPES = YES;
				CLANG_WARN_SUSPICIOUS_MOVE = YES;
				CLANG_WARN_UNGUARDED_AVAILABILITY = YES_AGGRESSIVE;
				CLANG_WARN_UNREACHABLE_CODE = YES;
				CLANG_WARN__DUPLICATE_METHOD_MATCH = YES;
				COPY_PHASE_STRIP = NO;
				DEBUG_INFORMATION_FORMAT = dwarf;
				ENABLE_STRICT_OBJC_MSGSEND = YES;
				ENABLE_TESTABILITY = YES;
				ENABLE_TESTING_SEARCH_PATHS = NO;
				GCC_C_LANGUAGE_STANDARD = gnu11;
				GCC_DYNAMIC_NO_PIC = NO;
				GCC_NO_COMMON_BLOCKS = YES;
				GCC_OPTIMIZATION_LEVEL = 0;
				GCC_PREPROCESSOR_DEFINITIONS = (
					"DEBUG=1",
					"$(inherited)",
				);
				GCC_WARN_64_TO_32_BIT_CONVERSION = YES;
				GCC_WARN_ABOUT_RETURN_TYPE = YES_ERROR;
				GCC_WARN_UNDECLARED_SELECTOR = YES;
				GCC_WARN_UNINITIALIZED_AUTOS = YES_AGGRESSIVE;
				GCC_WARN_UNUSED_FUNCTION = YES;
				GCC_WARN_UNUSED_VARIABLE = YES;
				IPHONEOS_DEPLOYMENT_TARGET = 16.1;
				MTL_ENABLE_DEBUG_INFO = INCLUDE_SOURCE;
				MTL_FAST_MATH = YES;
				ONLY_ACTIVE_ARCH = YES;
				SDKROOT = iphoneos;
				SWIFT_ACTIVE_COMPILATION_CONDITIONS = DEBUG;
				SWIFT_OPTIMIZATION_LEVEL = "-Onone";
			};
			name = Debug;
		};
		5ACADD1F2A5D989300B92C07 /* Release */ = {
			isa = XCBuildConfiguration;
			buildSettings = {
				ALWAYS_SEARCH_USER_PATHS = NO;
				CLANG_ANALYZER_NONNULL = YES;
				CLANG_ANALYZER_NUMBER_OBJECT_CONVERSION = YES_AGGRESSIVE;
				CLANG_CXX_LANGUAGE_STANDARD = "gnu++20";
				CLANG_ENABLE_MODULES = YES;
				CLANG_ENABLE_OBJC_ARC = YES;
				CLANG_ENABLE_OBJC_WEAK = YES;
				CLANG_WARN_BLOCK_CAPTURE_AUTORELEASING = YES;
				CLANG_WARN_BOOL_CONVERSION = YES;
				CLANG_WARN_COMMA = YES;
				CLANG_WARN_CONSTANT_CONVERSION = YES;
				CLANG_WARN_DEPRECATED_OBJC_IMPLEMENTATIONS = YES;
				CLANG_WARN_DIRECT_OBJC_ISA_USAGE = YES_ERROR;
				CLANG_WARN_DOCUMENTATION_COMMENTS = YES;
				CLANG_WARN_EMPTY_BODY = YES;
				CLANG_WARN_ENUM_CONVERSION = YES;
				CLANG_WARN_INFINITE_RECURSION = YES;
				CLANG_WARN_INT_CONVERSION = YES;
				CLANG_WARN_NON_LITERAL_NULL_CONVERSION = YES;
				CLANG_WARN_OBJC_IMPLICIT_RETAIN_SELF = YES;
				CLANG_WARN_OBJC_LITERAL_CONVERSION = YES;
				CLANG_WARN_OBJC_ROOT_CLASS = YES_ERROR;
				CLANG_WARN_QUOTED_INCLUDE_IN_FRAMEWORK_HEADER = YES;
				CLANG_WARN_RANGE_LOOP_ANALYSIS = YES;
				CLANG_WARN_STRICT_PROTOTYPES = YES;
				CLANG_WARN_SUSPICIOUS_MOVE = YES;
				CLANG_WARN_UNGUARDED_AVAILABILITY = YES_AGGRESSIVE;
				CLANG_WARN_UNREACHABLE_CODE = YES;
				CLANG_WARN__DUPLICATE_METHOD_MATCH = YES;
				COPY_PHASE_STRIP = NO;
				DEBUG_INFORMATION_FORMAT = "dwarf-with-dsym";
				ENABLE_NS_ASSERTIONS = NO;
				ENABLE_STRICT_OBJC_MSGSEND = YES;
				ENABLE_TESTING_SEARCH_PATHS = NO;
				GCC_C_LANGUAGE_STANDARD = gnu11;
				GCC_NO_COMMON_BLOCKS = YES;
				GCC_WARN_64_TO_32_BIT_CONVERSION = YES;
				GCC_WARN_ABOUT_RETURN_TYPE = YES_ERROR;
				GCC_WARN_UNDECLARED_SELECTOR = YES;
				GCC_WARN_UNINITIALIZED_AUTOS = YES_AGGRESSIVE;
				GCC_WARN_UNUSED_FUNCTION = YES;
				GCC_WARN_UNUSED_VARIABLE = YES;
				IPHONEOS_DEPLOYMENT_TARGET = 16.1;
				MTL_ENABLE_DEBUG_INFO = NO;
				MTL_FAST_MATH = YES;
				SDKROOT = iphoneos;
				SWIFT_COMPILATION_MODE = wholemodule;
				SWIFT_OPTIMIZATION_LEVEL = "-O";
				VALIDATE_PRODUCT = YES;
			};
			name = Release;
		};
		5ACADD212A5D989300B92C07 /* Debug */ = {
			isa = XCBuildConfiguration;
			buildSettings = {
				ASSETCATALOG_COMPILER_APPICON_NAME = AppIcon;
				ASSETCATALOG_COMPILER_GLOBAL_ACCENT_COLOR_NAME = AccentColor;
				CODE_SIGN_STYLE = Automatic;
				CURRENT_PROJECT_VERSION = 1;
				DEVELOPMENT_TEAM = 8LJ2P85FNV;
				ENABLE_TESTING_SEARCH_PATHS = NO;
				GENERATE_INFOPLIST_FILE = YES;
				INFOPLIST_FILE = CLD/App/Support/Info.plist;
				INFOPLIST_KEY_UIApplicationSupportsIndirectInputEvents = YES;
				INFOPLIST_KEY_UILaunchStoryboardName = LaunchScreen;
				INFOPLIST_KEY_UIMainStoryboardFile = "";
				INFOPLIST_KEY_UISupportedInterfaceOrientations_iPad = "UIInterfaceOrientationPortrait UIInterfaceOrientationPortraitUpsideDown UIInterfaceOrientationLandscapeLeft UIInterfaceOrientationLandscapeRight";
				INFOPLIST_KEY_UISupportedInterfaceOrientations_iPhone = "UIInterfaceOrientationPortrait UIInterfaceOrientationLandscapeLeft UIInterfaceOrientationLandscapeRight";
				IPHONEOS_DEPLOYMENT_TARGET = 15.0;
				LD_RUNPATH_SEARCH_PATHS = (
					"$(inherited)",
					"@executable_path/Frameworks",
				);
				MARKETING_VERSION = 1.0;
				PRODUCT_BUNDLE_IDENTIFIER = com.ios.CLD;
				PRODUCT_NAME = "$(TARGET_NAME)";
				SWIFT_EMIT_LOC_STRINGS = YES;
				SWIFT_VERSION = 5.0;
				TARGETED_DEVICE_FAMILY = "1,2";
			};
			name = Debug;
		};
		5ACADD222A5D989300B92C07 /* Release */ = {
			isa = XCBuildConfiguration;
			buildSettings = {
				ASSETCATALOG_COMPILER_APPICON_NAME = AppIcon;
				ASSETCATALOG_COMPILER_GLOBAL_ACCENT_COLOR_NAME = AccentColor;
				CODE_SIGN_STYLE = Automatic;
				CURRENT_PROJECT_VERSION = 1;
				DEVELOPMENT_TEAM = 8LJ2P85FNV;
				ENABLE_TESTING_SEARCH_PATHS = NO;
				GENERATE_INFOPLIST_FILE = YES;
				INFOPLIST_FILE = CLD/App/Support/Info.plist;
				INFOPLIST_KEY_UIApplicationSupportsIndirectInputEvents = YES;
				INFOPLIST_KEY_UILaunchStoryboardName = LaunchScreen;
				INFOPLIST_KEY_UIMainStoryboardFile = "";
				INFOPLIST_KEY_UISupportedInterfaceOrientations_iPad = "UIInterfaceOrientationPortrait UIInterfaceOrientationPortraitUpsideDown UIInterfaceOrientationLandscapeLeft UIInterfaceOrientationLandscapeRight";
				INFOPLIST_KEY_UISupportedInterfaceOrientations_iPhone = "UIInterfaceOrientationPortrait UIInterfaceOrientationLandscapeLeft UIInterfaceOrientationLandscapeRight";
				IPHONEOS_DEPLOYMENT_TARGET = 15.0;
				LD_RUNPATH_SEARCH_PATHS = (
					"$(inherited)",
					"@executable_path/Frameworks",
				);
				MARKETING_VERSION = 1.0;
				PRODUCT_BUNDLE_IDENTIFIER = com.ios.CLD;
				PRODUCT_NAME = "$(TARGET_NAME)";
				SWIFT_EMIT_LOC_STRINGS = YES;
				SWIFT_VERSION = 5.0;
				TARGETED_DEVICE_FAMILY = "1,2";
			};
			name = Release;
		};
		5ACADD242A5D989300B92C07 /* Debug */ = {
			isa = XCBuildConfiguration;
			buildSettings = {
				ALWAYS_EMBED_SWIFT_STANDARD_LIBRARIES = YES;
				BUNDLE_LOADER = "$(TEST_HOST)";
				CODE_SIGN_STYLE = Automatic;
				CURRENT_PROJECT_VERSION = 1;
				DEVELOPMENT_TEAM = 8LJ2P85FNV;
				GENERATE_INFOPLIST_FILE = YES;
				IPHONEOS_DEPLOYMENT_TARGET = 16.1;
				MARKETING_VERSION = 1.0;
				PRODUCT_BUNDLE_IDENTIFIER = com.ios.CLDTests;
				PRODUCT_NAME = "$(TARGET_NAME)";
				SWIFT_EMIT_LOC_STRINGS = NO;
				SWIFT_VERSION = 5.0;
				TARGETED_DEVICE_FAMILY = "1,2";
				TEST_HOST = "$(BUILT_PRODUCTS_DIR)/CLD.app/$(BUNDLE_EXECUTABLE_FOLDER_PATH)/CLD";
			};
			name = Debug;
		};
		5ACADD252A5D989300B92C07 /* Release */ = {
			isa = XCBuildConfiguration;
			buildSettings = {
				ALWAYS_EMBED_SWIFT_STANDARD_LIBRARIES = YES;
				BUNDLE_LOADER = "$(TEST_HOST)";
				CODE_SIGN_STYLE = Automatic;
				CURRENT_PROJECT_VERSION = 1;
				DEVELOPMENT_TEAM = 8LJ2P85FNV;
				GENERATE_INFOPLIST_FILE = YES;
				IPHONEOS_DEPLOYMENT_TARGET = 16.1;
				MARKETING_VERSION = 1.0;
				PRODUCT_BUNDLE_IDENTIFIER = com.ios.CLDTests;
				PRODUCT_NAME = "$(TARGET_NAME)";
				SWIFT_EMIT_LOC_STRINGS = NO;
				SWIFT_VERSION = 5.0;
				TARGETED_DEVICE_FAMILY = "1,2";
				TEST_HOST = "$(BUILT_PRODUCTS_DIR)/CLD.app/$(BUNDLE_EXECUTABLE_FOLDER_PATH)/CLD";
			};
			name = Release;
		};
		5ACADD272A5D989300B92C07 /* Debug */ = {
			isa = XCBuildConfiguration;
			buildSettings = {
				ALWAYS_EMBED_SWIFT_STANDARD_LIBRARIES = YES;
				CODE_SIGN_STYLE = Automatic;
				CURRENT_PROJECT_VERSION = 1;
				DEVELOPMENT_TEAM = 8LJ2P85FNV;
				GENERATE_INFOPLIST_FILE = YES;
				MARKETING_VERSION = 1.0;
				PRODUCT_BUNDLE_IDENTIFIER = com.ios.CLDUITests;
				PRODUCT_NAME = "$(TARGET_NAME)";
				SWIFT_EMIT_LOC_STRINGS = NO;
				SWIFT_VERSION = 5.0;
				TARGETED_DEVICE_FAMILY = "1,2";
				TEST_TARGET_NAME = CLD;
			};
			name = Debug;
		};
		5ACADD282A5D989300B92C07 /* Release */ = {
			isa = XCBuildConfiguration;
			buildSettings = {
				ALWAYS_EMBED_SWIFT_STANDARD_LIBRARIES = YES;
				CODE_SIGN_STYLE = Automatic;
				CURRENT_PROJECT_VERSION = 1;
				DEVELOPMENT_TEAM = 8LJ2P85FNV;
				GENERATE_INFOPLIST_FILE = YES;
				MARKETING_VERSION = 1.0;
				PRODUCT_BUNDLE_IDENTIFIER = com.ios.CLDUITests;
				PRODUCT_NAME = "$(TARGET_NAME)";
				SWIFT_EMIT_LOC_STRINGS = NO;
				SWIFT_VERSION = 5.0;
				TARGETED_DEVICE_FAMILY = "1,2";
				TEST_TARGET_NAME = CLD;
			};
			name = Release;
		};
/* End XCBuildConfiguration section */

/* Begin XCConfigurationList section */
		5ACADCF12A5D988F00B92C07 /* Build configuration list for PBXProject "CLD" */ = {
			isa = XCConfigurationList;
			buildConfigurations = (
				5ACADD1E2A5D989300B92C07 /* Debug */,
				5ACADD1F2A5D989300B92C07 /* Release */,
			);
			defaultConfigurationIsVisible = 0;
			defaultConfigurationName = Release;
		};
		5ACADD202A5D989300B92C07 /* Build configuration list for PBXNativeTarget "CLD" */ = {
			isa = XCConfigurationList;
			buildConfigurations = (
				5ACADD212A5D989300B92C07 /* Debug */,
				5ACADD222A5D989300B92C07 /* Release */,
			);
			defaultConfigurationIsVisible = 0;
			defaultConfigurationName = Release;
		};
		5ACADD232A5D989300B92C07 /* Build configuration list for PBXNativeTarget "CLDTests" */ = {
			isa = XCConfigurationList;
			buildConfigurations = (
				5ACADD242A5D989300B92C07 /* Debug */,
				5ACADD252A5D989300B92C07 /* Release */,
			);
			defaultConfigurationIsVisible = 0;
			defaultConfigurationName = Release;
		};
		5ACADD262A5D989300B92C07 /* Build configuration list for PBXNativeTarget "CLDUITests" */ = {
			isa = XCConfigurationList;
			buildConfigurations = (
				5ACADD272A5D989300B92C07 /* Debug */,
				5ACADD282A5D989300B92C07 /* Release */,
			);
			defaultConfigurationIsVisible = 0;
			defaultConfigurationName = Release;
		};
/* End XCConfigurationList section */

/* Begin XCRemoteSwiftPackageReference section */
		024177582A6E5DA7006C3C4D /* XCRemoteSwiftPackageReference "kakao-ios-sdk" */ = {
			isa = XCRemoteSwiftPackageReference;
			repositoryURL = "https://github.com/kakao/kakao-ios-sdk.git";
			requirement = {
				kind = upToNextMajorVersion;
				minimumVersion = 2.0.0;
			};
		};
		024509EF2A6E6D7600F0DC76 /* XCRemoteSwiftPackageReference "RxSwift" */ = {
			isa = XCRemoteSwiftPackageReference;
			repositoryURL = "https://github.com/ReactiveX/RxSwift.git";
			requirement = {
				branch = main;
				kind = branch;
			};
		};
		0279DA902A6EC9A1002C2272 /* XCRemoteSwiftPackageReference "facebook-ios-sdk" */ = {
			isa = XCRemoteSwiftPackageReference;
			repositoryURL = "https://github.com/facebook/facebook-ios-sdk.git";
			requirement = {
				kind = upToNextMajorVersion;
				minimumVersion = 9.0.0;
			};
		};
		5A08710F2A65A7DD00947794 /* XCRemoteSwiftPackageReference "Moya" */ = {
			isa = XCRemoteSwiftPackageReference;
			repositoryURL = "https://github.com/Moya/Moya.git";
			requirement = {
				kind = upToNextMajorVersion;
				minimumVersion = 15.0.0;
			};
		};
		5A0871162A65A80100947794 /* XCRemoteSwiftPackageReference "SnapKit" */ = {
			isa = XCRemoteSwiftPackageReference;
			repositoryURL = "https://github.com/SnapKit/SnapKit";
			requirement = {
				kind = upToNextMajorVersion;
				minimumVersion = 5.0.0;
			};
		};
		5A0871192A65A85700947794 /* XCRemoteSwiftPackageReference "Kingfisher" */ = {
			isa = XCRemoteSwiftPackageReference;
			repositoryURL = "https://github.com/onevcat/Kingfisher";
			requirement = {
				kind = upToNextMajorVersion;
				minimumVersion = 7.0.0;
			};
		};
/* End XCRemoteSwiftPackageReference section */

/* Begin XCSwiftPackageProductDependency section */
		024177592A6E5DA7006C3C4D /* KakaoSDKAuth */ = {
			isa = XCSwiftPackageProductDependency;
			package = 024177582A6E5DA7006C3C4D /* XCRemoteSwiftPackageReference "kakao-ios-sdk" */;
			productName = KakaoSDKAuth;
		};
		0241775B2A6E5DA7006C3C4D /* KakaoSDKCommon */ = {
			isa = XCSwiftPackageProductDependency;
			package = 024177582A6E5DA7006C3C4D /* XCRemoteSwiftPackageReference "kakao-ios-sdk" */;
			productName = KakaoSDKCommon;
		};
		0241775D2A6E5DA7006C3C4D /* KakaoSDKUser */ = {
			isa = XCSwiftPackageProductDependency;
			package = 024177582A6E5DA7006C3C4D /* XCRemoteSwiftPackageReference "kakao-ios-sdk" */;
			productName = KakaoSDKUser;
		};
		024509F22A6E6D7600F0DC76 /* RxCocoa */ = {
			isa = XCSwiftPackageProductDependency;
			package = 024509EF2A6E6D7600F0DC76 /* XCRemoteSwiftPackageReference "RxSwift" */;
			productName = RxCocoa;
		};
		024509F42A6E6D7600F0DC76 /* RxRelay */ = {
			isa = XCSwiftPackageProductDependency;
			package = 024509EF2A6E6D7600F0DC76 /* XCRemoteSwiftPackageReference "RxSwift" */;
			productName = RxRelay;
		};
		024509F62A6E6D7600F0DC76 /* RxSwift */ = {
			isa = XCSwiftPackageProductDependency;
			package = 024509EF2A6E6D7600F0DC76 /* XCRemoteSwiftPackageReference "RxSwift" */;
			productName = RxSwift;
		};
		0279DA912A6EC9A1002C2272 /* FacebookCore */ = {
			isa = XCSwiftPackageProductDependency;
			package = 0279DA902A6EC9A1002C2272 /* XCRemoteSwiftPackageReference "facebook-ios-sdk" */;
			productName = FacebookCore;
		};
		0279DA932A6EC9A1002C2272 /* FacebookLogin */ = {
			isa = XCSwiftPackageProductDependency;
			package = 0279DA902A6EC9A1002C2272 /* XCRemoteSwiftPackageReference "facebook-ios-sdk" */;
			productName = FacebookLogin;
		};
		5A0871102A65A7DD00947794 /* Moya */ = {
			isa = XCSwiftPackageProductDependency;
			package = 5A08710F2A65A7DD00947794 /* XCRemoteSwiftPackageReference "Moya" */;
			productName = Moya;
		};
		5A0871122A65A7DD00947794 /* ReactiveMoya */ = {
			isa = XCSwiftPackageProductDependency;
			package = 5A08710F2A65A7DD00947794 /* XCRemoteSwiftPackageReference "Moya" */;
			productName = ReactiveMoya;
		};
		5A0871142A65A7DD00947794 /* RxMoya */ = {
			isa = XCSwiftPackageProductDependency;
			package = 5A08710F2A65A7DD00947794 /* XCRemoteSwiftPackageReference "Moya" */;
			productName = RxMoya;
		};
		5A0871172A65A80100947794 /* SnapKit */ = {
			isa = XCSwiftPackageProductDependency;
			package = 5A0871162A65A80100947794 /* XCRemoteSwiftPackageReference "SnapKit" */;
			productName = SnapKit;
		};
		5A08711A2A65A85700947794 /* Kingfisher */ = {
			isa = XCSwiftPackageProductDependency;
			package = 5A0871192A65A85700947794 /* XCRemoteSwiftPackageReference "Kingfisher" */;
			productName = Kingfisher;
		};
/* End XCSwiftPackageProductDependency section */
	};
	rootObject = 5ACADCEE2A5D988F00B92C07 /* Project object */;
}
